
Microsoft Visual Studio Solution File, Format Version 12.00
# Visual Studio 15
VisualStudioVersion = 15.0.27130.2036
MinimumVisualStudioVersion = 10.0.40219.1
Project("{FAE04EC0-301F-11D3-BF4B-00C04F79EFBC}") = "GPCsharp", "GPCsharp\GPCsharp.csproj", "{E5A642CF-1658-4CD7-9392-A03B0A506DC0}"
EndProject
Global
	GlobalSection(SolutionConfigurationPlatforms) = preSolution
		Debug|Any CPU = Debug|Any CPU
		Release|Any CPU = Release|Any CPU
	EndGlobalSection
	GlobalSection(ProjectConfigurationPlatforms) = postSolution
		{E5A642CF-1658-4CD7-9392-A03B0A506DC0}.Debug|Any CPU.ActiveCfg = Debug|Any CPU
		{E5A642CF-1658-4CD7-9392-A03B0A506DC0}.Debug|Any CPU.Build.0 = Debug|Any CPU
		{E5A642CF-1658-4CD7-9392-A03B0A506DC0}.Release|Any CPU.ActiveCfg = Release|Any CPU
		{E5A642CF-1658-4CD7-9392-A03B0A506DC0}.Release|Any CPU.Build.0 = Release|Any CPU
	EndGlobalSection
	GlobalSection(SolutionProperties) = preSolution
		HideSolutionNode = FALSE
	EndGlobalSection
	GlobalSection(ExtensibilityGlobals) = postSolution
		SolutionGuid = {D9E5A529-28BF-4B24-B0CB-9D9F5A5ECE15}
	EndGlobalSection
EndGlobal
